{
  "object": {
    "pins": [
      {
        "package": "ZipArchive",
        "repositoryURL": "https://github.com/ZipArchive/ZipArchive",
        "state": {
          "branch": null,
          "revision": "b56f8c605a233fb25fe8d49f1b9ed50912c2d1b7",
          "version": "2.5.4"
        }
      }
    ]
  },
  "version": 1
}
